
Microsoft Visual Studio Solution File, Format Version 12.00
# Visual Studio 15
VisualStudioVersion = 15.0.27130.2036
MinimumVisualStudioVersion = 10.0.40219.1
Project("{FAE04EC0-301F-11D3-BF4B-00C04F79EFBC}") = "PHIBL", "PHIBL\PHIBL.csproj", "{43246ADB-7494-4ACC-AF3E-E27519DCCA95}"
EndProject
Project("{FAE04EC0-301F-11D3-BF4B-00C04F79EFBC}") = "PlayHomeMirrorHelper", "PlayHomeMirrorHelper\PlayHomeMirrorHelper.csproj", "{DFAB36A9-526A-4F55-9050-6D0DB7526D36}"
EndProject
Project("{FAE04EC0-301F-11D3-BF4B-00C04F79EFBC}") = "RuntimeNormalRecalculate", "NormalRecalculate\RuntimeNormalRecalculate.csproj", "{5561F7EE-34FE-4BF4-A851-AF389E1511E6}"
EndProject
Project("{FAE04EC0-301F-11D3-BF4B-00C04F79EFBC}") = "PlayhomeCustomTexturePatch", "phTattooPatch\PlayhomeCustomTexturePatch.csproj", "{268E9681-A181-4F93-9783-3045337263CC}"
EndProject
Project("{FAE04EC0-301F-11D3-BF4B-00C04F79EFBC}") = "TessellationGlobal", "SetTessellationGlobal\TessellationGlobal.csproj", "{CD9A1D99-2C85-4137-83E7-AE7F1309EB57}"
EndProject
Project("{FAE04EC0-301F-11D3-BF4B-00C04F79EFBC}") = "AlloyHair", "AlloyHair\AlloyHair.csproj", "{F8759C17-5CC8-4E3F-8E4C-1ADE96E6F67A}"
EndProject
Project("{FAE04EC0-301F-11D3-BF4B-00C04F79EFBC}") = "ConditionerFan", "ConditionerFan\ConditionerFan.csproj", "{750BD138-B7A0-4066-8940-22AE155FF096}"
EndProject
Project("{FAE04EC0-301F-11D3-BF4B-00C04F79EFBC}") = "ClothHelper", "CollidersInstantiate\ClothHelper.csproj", "{562A61A7-DDBD-4979-95B0-A2E7183E62D7}"
EndProject
Project("{FAE04EC0-301F-11D3-BF4B-00C04F79EFBC}") = "TheVikingVillageScene", "TheVikingVillageScene\TheVikingVillageScene.csproj", "{BBD5DC7B-952D-420C-AD02-9F242DF992AB}"
EndProject
Project("{FAE04EC0-301F-11D3-BF4B-00C04F79EFBC}") = "LightShafts", "LightShafts\LightShafts.csproj", "{F417C8BD-3D1D-453E-8D00-2AC6BFB2E1C2}"
EndProject
Project("{FAE04EC0-301F-11D3-BF4B-00C04F79EFBC}") = "bmm", "BoneManager\bmm.csproj", "{FC656EB2-66A0-493D-A6AA-D1CFE7895586}"
EndProject
Project("{FAE04EC0-301F-11D3-BF4B-00C04F79EFBC}") = "LightsSwitch", "InteractiveLight\LightsSwitch.csproj", "{2527EED5-4E3C-4169-B0F5-F35584CFD570}"
EndProject
Project("{FAE04EC0-301F-11D3-BF4B-00C04F79EFBC}") = "SubwayScene", "SubwayScene\SubwayScene.csproj", "{33FF01AB-76E7-46A1-B8B0-F912BF0ECFC3}"
EndProject
Project("{FAE04EC0-301F-11D3-BF4B-00C04F79EFBC}") = "CharaControl", "CharaControl\CharaControl.csproj", "{91DD417E-3CEE-48AA-A444-8CB47238FB48}"
EndProject
Project("{FAE04EC0-301F-11D3-BF4B-00C04F79EFBC}") = "NipParadox", "NipParadox\NipParadox.csproj", "{EBDCFF02-8A3D-452C-957D-6785C6519FBE}"
EndProject
Project("{FAE04EC0-301F-11D3-BF4B-00C04F79EFBC}") = "PlaneReflection", "PlaneReflection\PlaneReflection.csproj", "{3AD6230E-BF2B-4830-8F66-66F531BB5121}"
EndProject
Project("{FAE04EC0-301F-11D3-BF4B-00C04F79EFBC}") = "VertexPaint", "VertexPaint\VertexPaint.csproj", "{A79740AF-7119-4012-9A8F-82C1C27CE649}"
EndProject
Project("{FAE04EC0-301F-11D3-BF4B-00C04F79EFBC}") = "GameManager (PHIBL Editor version)", "GameManager\GameManager (PHIBL Editor version).csproj", "{B3D2CEC2-E7D1-4C2C-87FC-5454EA1C4DEE}"
EndProject
Global
	GlobalSection(SolutionConfigurationPlatforms) = preSolution
		Debug|Any CPU = Debug|Any CPU
		Release|Any CPU = Release|Any CPU
	EndGlobalSection
	GlobalSection(ProjectConfigurationPlatforms) = postSolution
		{43246ADB-7494-4ACC-AF3E-E27519DCCA95}.Debug|Any CPU.ActiveCfg = Debug|Any CPU
		{43246ADB-7494-4ACC-AF3E-E27519DCCA95}.Debug|Any CPU.Build.0 = Debug|Any CPU
		{43246ADB-7494-4ACC-AF3E-E27519DCCA95}.Release|Any CPU.ActiveCfg = Release|Any CPU
		{43246ADB-7494-4ACC-AF3E-E27519DCCA95}.Release|Any CPU.Build.0 = Release|Any CPU
		{DFAB36A9-526A-4F55-9050-6D0DB7526D36}.Debug|Any CPU.ActiveCfg = Debug|Any CPU
		{DFAB36A9-526A-4F55-9050-6D0DB7526D36}.Debug|Any CPU.Build.0 = Debug|Any CPU
		{DFAB36A9-526A-4F55-9050-6D0DB7526D36}.Release|Any CPU.ActiveCfg = Release|Any CPU
		{DFAB36A9-526A-4F55-9050-6D0DB7526D36}.Release|Any CPU.Build.0 = Release|Any CPU
		{5561F7EE-34FE-4BF4-A851-AF389E1511E6}.Debug|Any CPU.ActiveCfg = Debug|Any CPU
		{5561F7EE-34FE-4BF4-A851-AF389E1511E6}.Debug|Any CPU.Build.0 = Debug|Any CPU
		{5561F7EE-34FE-4BF4-A851-AF389E1511E6}.Release|Any CPU.ActiveCfg = Release|Any CPU
		{5561F7EE-34FE-4BF4-A851-AF389E1511E6}.Release|Any CPU.Build.0 = Release|Any CPU
		{268E9681-A181-4F93-9783-3045337263CC}.Debug|Any CPU.ActiveCfg = Debug|Any CPU
		{268E9681-A181-4F93-9783-3045337263CC}.Debug|Any CPU.Build.0 = Debug|Any CPU
		{268E9681-A181-4F93-9783-3045337263CC}.Release|Any CPU.ActiveCfg = Release|Any CPU
		{268E9681-A181-4F93-9783-3045337263CC}.Release|Any CPU.Build.0 = Release|Any CPU
		{CD9A1D99-2C85-4137-83E7-AE7F1309EB57}.Debug|Any CPU.ActiveCfg = Debug|Any CPU
		{CD9A1D99-2C85-4137-83E7-AE7F1309EB57}.Debug|Any CPU.Build.0 = Debug|Any CPU
		{CD9A1D99-2C85-4137-83E7-AE7F1309EB57}.Release|Any CPU.ActiveCfg = Release|Any CPU
		{CD9A1D99-2C85-4137-83E7-AE7F1309EB57}.Release|Any CPU.Build.0 = Release|Any CPU
		{F8759C17-5CC8-4E3F-8E4C-1ADE96E6F67A}.Debug|Any CPU.ActiveCfg = Debug|Any CPU
		{F8759C17-5CC8-4E3F-8E4C-1ADE96E6F67A}.Debug|Any CPU.Build.0 = Debug|Any CPU
		{F8759C17-5CC8-4E3F-8E4C-1ADE96E6F67A}.Release|Any CPU.ActiveCfg = Release|Any CPU
		{F8759C17-5CC8-4E3F-8E4C-1ADE96E6F67A}.Release|Any CPU.Build.0 = Release|Any CPU
		{750BD138-B7A0-4066-8940-22AE155FF096}.Debug|Any CPU.ActiveCfg = Debug|Any CPU
		{750BD138-B7A0-4066-8940-22AE155FF096}.Debug|Any CPU.Build.0 = Debug|Any CPU
		{750BD138-B7A0-4066-8940-22AE155FF096}.Release|Any CPU.ActiveCfg = Release|Any CPU
		{750BD138-B7A0-4066-8940-22AE155FF096}.Release|Any CPU.Build.0 = Release|Any CPU
		{562A61A7-DDBD-4979-95B0-A2E7183E62D7}.Debug|Any CPU.ActiveCfg = Debug|Any CPU
		{562A61A7-DDBD-4979-95B0-A2E7183E62D7}.Debug|Any CPU.Build.0 = Debug|Any CPU
		{562A61A7-DDBD-4979-95B0-A2E7183E62D7}.Release|Any CPU.ActiveCfg = Release|Any CPU
		{562A61A7-DDBD-4979-95B0-A2E7183E62D7}.Release|Any CPU.Build.0 = Release|Any CPU
		{BBD5DC7B-952D-420C-AD02-9F242DF992AB}.Debug|Any CPU.ActiveCfg = Debug|Any CPU
		{BBD5DC7B-952D-420C-AD02-9F242DF992AB}.Debug|Any CPU.Build.0 = Debug|Any CPU
		{BBD5DC7B-952D-420C-AD02-9F242DF992AB}.Release|Any CPU.ActiveCfg = Release|Any CPU
		{BBD5DC7B-952D-420C-AD02-9F242DF992AB}.Release|Any CPU.Build.0 = Release|Any CPU
		{F417C8BD-3D1D-453E-8D00-2AC6BFB2E1C2}.Debug|Any CPU.ActiveCfg = Debug|Any CPU
		{F417C8BD-3D1D-453E-8D00-2AC6BFB2E1C2}.Debug|Any CPU.Build.0 = Debug|Any CPU
		{F417C8BD-3D1D-453E-8D00-2AC6BFB2E1C2}.Release|Any CPU.ActiveCfg = Release|Any CPU
		{F417C8BD-3D1D-453E-8D00-2AC6BFB2E1C2}.Release|Any CPU.Build.0 = Release|Any CPU
		{FC656EB2-66A0-493D-A6AA-D1CFE7895586}.Debug|Any CPU.ActiveCfg = Debug|Any CPU
		{FC656EB2-66A0-493D-A6AA-D1CFE7895586}.Debug|Any CPU.Build.0 = Debug|Any CPU
		{FC656EB2-66A0-493D-A6AA-D1CFE7895586}.Release|Any CPU.ActiveCfg = Release|Any CPU
		{FC656EB2-66A0-493D-A6AA-D1CFE7895586}.Release|Any CPU.Build.0 = Release|Any CPU
		{2527EED5-4E3C-4169-B0F5-F35584CFD570}.Debug|Any CPU.ActiveCfg = Debug|Any CPU
		{2527EED5-4E3C-4169-B0F5-F35584CFD570}.Debug|Any CPU.Build.0 = Debug|Any CPU
		{2527EED5-4E3C-4169-B0F5-F35584CFD570}.Release|Any CPU.ActiveCfg = Release|Any CPU
		{2527EED5-4E3C-4169-B0F5-F35584CFD570}.Release|Any CPU.Build.0 = Release|Any CPU
		{33FF01AB-76E7-46A1-B8B0-F912BF0ECFC3}.Debug|Any CPU.ActiveCfg = Debug|Any CPU
		{33FF01AB-76E7-46A1-B8B0-F912BF0ECFC3}.Debug|Any CPU.Build.0 = Debug|Any CPU
		{33FF01AB-76E7-46A1-B8B0-F912BF0ECFC3}.Release|Any CPU.ActiveCfg = Release|Any CPU
		{33FF01AB-76E7-46A1-B8B0-F912BF0ECFC3}.Release|Any CPU.Build.0 = Release|Any CPU
		{91DD417E-3CEE-48AA-A444-8CB47238FB48}.Debug|Any CPU.ActiveCfg = Debug|Any CPU
		{91DD417E-3CEE-48AA-A444-8CB47238FB48}.Debug|Any CPU.Build.0 = Debug|Any CPU
		{91DD417E-3CEE-48AA-A444-8CB47238FB48}.Release|Any CPU.ActiveCfg = Release|Any CPU
		{91DD417E-3CEE-48AA-A444-8CB47238FB48}.Release|Any CPU.Build.0 = Release|Any CPU
		{EBDCFF02-8A3D-452C-957D-6785C6519FBE}.Debug|Any CPU.ActiveCfg = Debug|Any CPU
		{EBDCFF02-8A3D-452C-957D-6785C6519FBE}.Debug|Any CPU.Build.0 = Debug|Any CPU
		{EBDCFF02-8A3D-452C-957D-6785C6519FBE}.Release|Any CPU.ActiveCfg = Release|Any CPU
		{EBDCFF02-8A3D-452C-957D-6785C6519FBE}.Release|Any CPU.Build.0 = Release|Any CPU
		{3AD6230E-BF2B-4830-8F66-66F531BB5121}.Debug|Any CPU.ActiveCfg = Debug|Any CPU
		{3AD6230E-BF2B-4830-8F66-66F531BB5121}.Debug|Any CPU.Build.0 = Debug|Any CPU
		{3AD6230E-BF2B-4830-8F66-66F531BB5121}.Release|Any CPU.ActiveCfg = Release|Any CPU
		{3AD6230E-BF2B-4830-8F66-66F531BB5121}.Release|Any CPU.Build.0 = Release|Any CPU
		{A79740AF-7119-4012-9A8F-82C1C27CE649}.Debug|Any CPU.ActiveCfg = Debug|Any CPU
		{A79740AF-7119-4012-9A8F-82C1C27CE649}.Debug|Any CPU.Build.0 = Debug|Any CPU
		{A79740AF-7119-4012-9A8F-82C1C27CE649}.Release|Any CPU.ActiveCfg = Release|Any CPU
		{A79740AF-7119-4012-9A8F-82C1C27CE649}.Release|Any CPU.Build.0 = Release|Any CPU
		{B3D2CEC2-E7D1-4C2C-87FC-5454EA1C4DEE}.Debug|Any CPU.ActiveCfg = Debug|Any CPU
		{B3D2CEC2-E7D1-4C2C-87FC-5454EA1C4DEE}.Debug|Any CPU.Build.0 = Debug|Any CPU
		{B3D2CEC2-E7D1-4C2C-87FC-5454EA1C4DEE}.Release|Any CPU.ActiveCfg = Release|Any CPU
		{B3D2CEC2-E7D1-4C2C-87FC-5454EA1C4DEE}.Release|Any CPU.Build.0 = Release|Any CPU
	EndGlobalSection
	GlobalSection(SolutionProperties) = preSolution
		HideSolutionNode = FALSE
	EndGlobalSection
	GlobalSection(ExtensibilityGlobals) = postSolution
		SolutionGuid = {1850718B-2B9F-42EA-BAC7-6E3C60290282}
	EndGlobalSection
EndGlobal
