
Microsoft Visual Studio Solution File, Format Version 12.00
# Visual Studio Version 16
VisualStudioVersion = 16.0.29020.237
MinimumVisualStudioVersion = 10.0.40219.1
Project("{FAE04EC0-301F-11D3-BF4B-00C04F79EFBC}") = "PHIBL", "PHIBL\PHIBL.csproj", "{43246ADB-7494-4ACC-AF3E-E27519DCCA95}"
EndProject
Project("{FAE04EC0-301F-11D3-BF4B-00C04F79EFBC}") = "PlayHomeMirrorHelper", "PlayHomeMirrorHelper\PlayHomeMirrorHelper.csproj", "{DFAB36A9-526A-4F55-9050-6D0DB7526D36}"
EndProject
Project("{FAE04EC0-301F-11D3-BF4B-00C04F79EFBC}") = "RuntimeNormalRecalculate", "NormalRecalculate\RuntimeNormalRecalculate.csproj", "{5561F7EE-34FE-4BF4-A851-AF389E1511E6}"
EndProject
Project("{FAE04EC0-301F-11D3-BF4B-00C04F79EFBC}") = "PlayhomeCustomTexturePatch", "phTattooPatch\PlayhomeCustomTexturePatch.csproj", "{268E9681-A181-4F93-9783-3045337263CC}"
EndProject
Project("{FAE04EC0-301F-11D3-BF4B-00C04F79EFBC}") = "TessellationGlobal", "SetTessellationGlobal\TessellationGlobal.csproj", "{CD9A1D99-2C85-4137-83E7-AE7F1309EB57}"
EndProject
Project("{FAE04EC0-301F-11D3-BF4B-00C04F79EFBC}") = "AlloyHair", "AlloyHair\AlloyHair.csproj", "{F8759C17-5CC8-4E3F-8E4C-1ADE96E6F67A}"
EndProject
Project("{FAE04EC0-301F-11D3-BF4B-00C04F79EFBC}") = "ConditionerFan", "ConditionerFan\ConditionerFan.csproj", "{750BD138-B7A0-4066-8940-22AE155FF096}"
EndProject
Project("{FAE04EC0-301F-11D3-BF4B-00C04F79EFBC}") = "ClothHelper", "CollidersInstantiate\ClothHelper.csproj", "{562A61A7-DDBD-4979-95B0-A2E7183E62D7}"
EndProject
Project("{FAE04EC0-301F-11D3-BF4B-00C04F79EFBC}") = "TheVikingVillageScene", "TheVikingVillageScene\TheVikingVillageScene.csproj", "{BBD5DC7B-952D-420C-AD02-9F242DF992AB}"
EndProject
Project("{FAE04EC0-301F-11D3-BF4B-00C04F79EFBC}") = "LightShafts", "LightShafts\LightShafts.csproj", "{F417C8BD-3D1D-453E-8D00-2AC6BFB2E1C2}"
EndProject
Project("{FAE04EC0-301F-11D3-BF4B-00C04F79EFBC}") = "bmm", "BoneManager\bmm.csproj", "{FC656EB2-66A0-493D-A6AA-D1CFE7895586}"
EndProject
Project("{FAE04EC0-301F-11D3-BF4B-00C04F79EFBC}") = "LightsSwitch", "InteractiveLight\LightsSwitch.csproj", "{2527EED5-4E3C-4169-B0F5-F35584CFD570}"
EndProject
Project("{FAE04EC0-301F-11D3-BF4B-00C04F79EFBC}") = "SubwayScene", "SubwayScene\SubwayScene.csproj", "{33FF01AB-76E7-46A1-B8B0-F912BF0ECFC3}"
EndProject
Project("{FAE04EC0-301F-11D3-BF4B-00C04F79EFBC}") = "CharaControl", "CharaControl\CharaControl.csproj", "{91DD417E-3CEE-48AA-A444-8CB47238FB48}"
EndProject
Project("{FAE04EC0-301F-11D3-BF4B-00C04F79EFBC}") = "NipParadox", "NipParadox\NipParadox.csproj", "{EBDCFF02-8A3D-452C-957D-6785C6519FBE}"
EndProject
Project("{FAE04EC0-301F-11D3-BF4B-00C04F79EFBC}") = "PlaneReflection", "PlaneReflection\PlaneReflection.csproj", "{3AD6230E-BF2B-4830-8F66-66F531BB5121}"
EndProject
Project("{FAE04EC0-301F-11D3-BF4B-00C04F79EFBC}") = "VertexPaint", "VertexPaint\VertexPaint.csproj", "{A79740AF-7119-4012-9A8F-82C1C27CE649}"
EndProject
Project("{FAE04EC0-301F-11D3-BF4B-00C04F79EFBC}") = "GameManager (PHIBL Editor version)", "GameManager\GameManager (PHIBL Editor version).csproj", "{B3D2CEC2-E7D1-4C2C-87FC-5454EA1C4DEE}"
EndProject
Project("{FAE04EC0-301F-11D3-BF4B-00C04F79EFBC}") = "LightSave", "LightSave\LightSave.csproj", "{89D5B081-02C8-4AF9-AB4B-803A78FB7669}"
EndProject
Project("{FAE04EC0-301F-11D3-BF4B-00C04F79EFBC}") = "PHPE", "PHPE\PHPE.csproj", "{4AD74EFF-37B9-4BEA-A2EB-CDE366B29F00}"
	ProjectSection(ProjectDependencies) = postProject
		{D7E512B2-4E7A-4455-BD7D-97DACF5A039A} = {D7E512B2-4E7A-4455-BD7D-97DACF5A039A}
	EndProjectSection
EndProject
Project("{FAE04EC0-301F-11D3-BF4B-00C04F79EFBC}") = "ToolBox", "ToolBox\ToolBox.csproj", "{D7E512B2-4E7A-4455-BD7D-97DACF5A039A}"
EndProject
Project("{FAE04EC0-301F-11D3-BF4B-00C04F79EFBC}") = "UIUtility", "UIUtility\UIUtility.csproj", "{5FF39402-D216-42DE-9AAA-BA34103F1786}"
EndProject
Global
	GlobalSection(SolutionConfigurationPlatforms) = preSolution
		AI|Any CPU = AI|Any CPU
		Debug|Any CPU = Debug|Any CPU
		EC|Any CPU = EC|Any CPU
		HS|Any CPU = HS|Any CPU
		HS2|Any CPU = HS2|Any CPU
		IPA|Any CPU = IPA|Any CPU
		KOI|Any CPU = KOI|Any CPU
		PH|Any CPU = PH|Any CPU
		Release|Any CPU = Release|Any CPU
	EndGlobalSection
	GlobalSection(ProjectConfigurationPlatforms) = postSolution
		{43246ADB-7494-4ACC-AF3E-E27519DCCA95}.AI|Any CPU.ActiveCfg = Release|Any CPU
		{43246ADB-7494-4ACC-AF3E-E27519DCCA95}.AI|Any CPU.Build.0 = Release|Any CPU
		{43246ADB-7494-4ACC-AF3E-E27519DCCA95}.Debug|Any CPU.ActiveCfg = Debug|Any CPU
		{43246ADB-7494-4ACC-AF3E-E27519DCCA95}.Debug|Any CPU.Build.0 = Debug|Any CPU
		{43246ADB-7494-4ACC-AF3E-E27519DCCA95}.EC|Any CPU.ActiveCfg = Release|Any CPU
		{43246ADB-7494-4ACC-AF3E-E27519DCCA95}.EC|Any CPU.Build.0 = Release|Any CPU
		{43246ADB-7494-4ACC-AF3E-E27519DCCA95}.HS|Any CPU.ActiveCfg = Release|Any CPU
		{43246ADB-7494-4ACC-AF3E-E27519DCCA95}.HS|Any CPU.Build.0 = Release|Any CPU
		{43246ADB-7494-4ACC-AF3E-E27519DCCA95}.HS2|Any CPU.ActiveCfg = Release|Any CPU
		{43246ADB-7494-4ACC-AF3E-E27519DCCA95}.HS2|Any CPU.Build.0 = Release|Any CPU
		{43246ADB-7494-4ACC-AF3E-E27519DCCA95}.IPA|Any CPU.ActiveCfg = Release|Any CPU
		{43246ADB-7494-4ACC-AF3E-E27519DCCA95}.IPA|Any CPU.Build.0 = Release|Any CPU
		{43246ADB-7494-4ACC-AF3E-E27519DCCA95}.KOI|Any CPU.ActiveCfg = Release|Any CPU
		{43246ADB-7494-4ACC-AF3E-E27519DCCA95}.KOI|Any CPU.Build.0 = Release|Any CPU
		{43246ADB-7494-4ACC-AF3E-E27519DCCA95}.PH|Any CPU.ActiveCfg = Release|Any CPU
		{43246ADB-7494-4ACC-AF3E-E27519DCCA95}.PH|Any CPU.Build.0 = Release|Any CPU
		{43246ADB-7494-4ACC-AF3E-E27519DCCA95}.Release|Any CPU.ActiveCfg = Release|Any CPU
		{43246ADB-7494-4ACC-AF3E-E27519DCCA95}.Release|Any CPU.Build.0 = Release|Any CPU
		{DFAB36A9-526A-4F55-9050-6D0DB7526D36}.AI|Any CPU.ActiveCfg = Release|Any CPU
		{DFAB36A9-526A-4F55-9050-6D0DB7526D36}.AI|Any CPU.Build.0 = Release|Any CPU
		{DFAB36A9-526A-4F55-9050-6D0DB7526D36}.Debug|Any CPU.ActiveCfg = Debug|Any CPU
		{DFAB36A9-526A-4F55-9050-6D0DB7526D36}.Debug|Any CPU.Build.0 = Debug|Any CPU
		{DFAB36A9-526A-4F55-9050-6D0DB7526D36}.EC|Any CPU.ActiveCfg = Release|Any CPU
		{DFAB36A9-526A-4F55-9050-6D0DB7526D36}.EC|Any CPU.Build.0 = Release|Any CPU
		{DFAB36A9-526A-4F55-9050-6D0DB7526D36}.HS|Any CPU.ActiveCfg = Release|Any CPU
		{DFAB36A9-526A-4F55-9050-6D0DB7526D36}.HS|Any CPU.Build.0 = Release|Any CPU
		{DFAB36A9-526A-4F55-9050-6D0DB7526D36}.HS2|Any CPU.ActiveCfg = Release|Any CPU
		{DFAB36A9-526A-4F55-9050-6D0DB7526D36}.HS2|Any CPU.Build.0 = Release|Any CPU
		{DFAB36A9-526A-4F55-9050-6D0DB7526D36}.IPA|Any CPU.ActiveCfg = Release|Any CPU
		{DFAB36A9-526A-4F55-9050-6D0DB7526D36}.IPA|Any CPU.Build.0 = Release|Any CPU
		{DFAB36A9-526A-4F55-9050-6D0DB7526D36}.KOI|Any CPU.ActiveCfg = Release|Any CPU
		{DFAB36A9-526A-4F55-9050-6D0DB7526D36}.KOI|Any CPU.Build.0 = Release|Any CPU
		{DFAB36A9-526A-4F55-9050-6D0DB7526D36}.PH|Any CPU.ActiveCfg = Release|Any CPU
		{DFAB36A9-526A-4F55-9050-6D0DB7526D36}.PH|Any CPU.Build.0 = Release|Any CPU
		{DFAB36A9-526A-4F55-9050-6D0DB7526D36}.Release|Any CPU.ActiveCfg = Release|Any CPU
		{DFAB36A9-526A-4F55-9050-6D0DB7526D36}.Release|Any CPU.Build.0 = Release|Any CPU
		{5561F7EE-34FE-4BF4-A851-AF389E1511E6}.AI|Any CPU.ActiveCfg = Release|Any CPU
		{5561F7EE-34FE-4BF4-A851-AF389E1511E6}.AI|Any CPU.Build.0 = Release|Any CPU
		{5561F7EE-34FE-4BF4-A851-AF389E1511E6}.Debug|Any CPU.ActiveCfg = Debug|Any CPU
		{5561F7EE-34FE-4BF4-A851-AF389E1511E6}.Debug|Any CPU.Build.0 = Debug|Any CPU
		{5561F7EE-34FE-4BF4-A851-AF389E1511E6}.EC|Any CPU.ActiveCfg = Release|Any CPU
		{5561F7EE-34FE-4BF4-A851-AF389E1511E6}.EC|Any CPU.Build.0 = Release|Any CPU
		{5561F7EE-34FE-4BF4-A851-AF389E1511E6}.HS|Any CPU.ActiveCfg = Release|Any CPU
		{5561F7EE-34FE-4BF4-A851-AF389E1511E6}.HS|Any CPU.Build.0 = Release|Any CPU
		{5561F7EE-34FE-4BF4-A851-AF389E1511E6}.HS2|Any CPU.ActiveCfg = Release|Any CPU
		{5561F7EE-34FE-4BF4-A851-AF389E1511E6}.HS2|Any CPU.Build.0 = Release|Any CPU
		{5561F7EE-34FE-4BF4-A851-AF389E1511E6}.IPA|Any CPU.ActiveCfg = Release|Any CPU
		{5561F7EE-34FE-4BF4-A851-AF389E1511E6}.IPA|Any CPU.Build.0 = Release|Any CPU
		{5561F7EE-34FE-4BF4-A851-AF389E1511E6}.KOI|Any CPU.ActiveCfg = Release|Any CPU
		{5561F7EE-34FE-4BF4-A851-AF389E1511E6}.KOI|Any CPU.Build.0 = Release|Any CPU
		{5561F7EE-34FE-4BF4-A851-AF389E1511E6}.PH|Any CPU.ActiveCfg = Release|Any CPU
		{5561F7EE-34FE-4BF4-A851-AF389E1511E6}.PH|Any CPU.Build.0 = Release|Any CPU
		{5561F7EE-34FE-4BF4-A851-AF389E1511E6}.Release|Any CPU.ActiveCfg = Release|Any CPU
		{5561F7EE-34FE-4BF4-A851-AF389E1511E6}.Release|Any CPU.Build.0 = Release|Any CPU
		{268E9681-A181-4F93-9783-3045337263CC}.AI|Any CPU.ActiveCfg = Release|Any CPU
		{268E9681-A181-4F93-9783-3045337263CC}.AI|Any CPU.Build.0 = Release|Any CPU
		{268E9681-A181-4F93-9783-3045337263CC}.Debug|Any CPU.ActiveCfg = Debug|Any CPU
		{268E9681-A181-4F93-9783-3045337263CC}.Debug|Any CPU.Build.0 = Debug|Any CPU
		{268E9681-A181-4F93-9783-3045337263CC}.EC|Any CPU.ActiveCfg = Release|Any CPU
		{268E9681-A181-4F93-9783-3045337263CC}.EC|Any CPU.Build.0 = Release|Any CPU
		{268E9681-A181-4F93-9783-3045337263CC}.HS|Any CPU.ActiveCfg = Release|Any CPU
		{268E9681-A181-4F93-9783-3045337263CC}.HS|Any CPU.Build.0 = Release|Any CPU
		{268E9681-A181-4F93-9783-3045337263CC}.HS2|Any CPU.ActiveCfg = Release|Any CPU
		{268E9681-A181-4F93-9783-3045337263CC}.HS2|Any CPU.Build.0 = Release|Any CPU
		{268E9681-A181-4F93-9783-3045337263CC}.IPA|Any CPU.ActiveCfg = Release|Any CPU
		{268E9681-A181-4F93-9783-3045337263CC}.IPA|Any CPU.Build.0 = Release|Any CPU
		{268E9681-A181-4F93-9783-3045337263CC}.KOI|Any CPU.ActiveCfg = Release|Any CPU
		{268E9681-A181-4F93-9783-3045337263CC}.KOI|Any CPU.Build.0 = Release|Any CPU
		{268E9681-A181-4F93-9783-3045337263CC}.PH|Any CPU.ActiveCfg = Release|Any CPU
		{268E9681-A181-4F93-9783-3045337263CC}.PH|Any CPU.Build.0 = Release|Any CPU
		{268E9681-A181-4F93-9783-3045337263CC}.Release|Any CPU.ActiveCfg = Release|Any CPU
		{268E9681-A181-4F93-9783-3045337263CC}.Release|Any CPU.Build.0 = Release|Any CPU
		{CD9A1D99-2C85-4137-83E7-AE7F1309EB57}.AI|Any CPU.ActiveCfg = Release|Any CPU
		{CD9A1D99-2C85-4137-83E7-AE7F1309EB57}.AI|Any CPU.Build.0 = Release|Any CPU
		{CD9A1D99-2C85-4137-83E7-AE7F1309EB57}.Debug|Any CPU.ActiveCfg = Debug|Any CPU
		{CD9A1D99-2C85-4137-83E7-AE7F1309EB57}.Debug|Any CPU.Build.0 = Debug|Any CPU
		{CD9A1D99-2C85-4137-83E7-AE7F1309EB57}.EC|Any CPU.ActiveCfg = Release|Any CPU
		{CD9A1D99-2C85-4137-83E7-AE7F1309EB57}.EC|Any CPU.Build.0 = Release|Any CPU
		{CD9A1D99-2C85-4137-83E7-AE7F1309EB57}.HS|Any CPU.ActiveCfg = Release|Any CPU
		{CD9A1D99-2C85-4137-83E7-AE7F1309EB57}.HS|Any CPU.Build.0 = Release|Any CPU
		{CD9A1D99-2C85-4137-83E7-AE7F1309EB57}.HS2|Any CPU.ActiveCfg = Release|Any CPU
		{CD9A1D99-2C85-4137-83E7-AE7F1309EB57}.HS2|Any CPU.Build.0 = Release|Any CPU
		{CD9A1D99-2C85-4137-83E7-AE7F1309EB57}.IPA|Any CPU.ActiveCfg = Release|Any CPU
		{CD9A1D99-2C85-4137-83E7-AE7F1309EB57}.IPA|Any CPU.Build.0 = Release|Any CPU
		{CD9A1D99-2C85-4137-83E7-AE7F1309EB57}.KOI|Any CPU.ActiveCfg = Release|Any CPU
		{CD9A1D99-2C85-4137-83E7-AE7F1309EB57}.KOI|Any CPU.Build.0 = Release|Any CPU
		{CD9A1D99-2C85-4137-83E7-AE7F1309EB57}.PH|Any CPU.ActiveCfg = Release|Any CPU
		{CD9A1D99-2C85-4137-83E7-AE7F1309EB57}.PH|Any CPU.Build.0 = Release|Any CPU
		{CD9A1D99-2C85-4137-83E7-AE7F1309EB57}.Release|Any CPU.ActiveCfg = Release|Any CPU
		{CD9A1D99-2C85-4137-83E7-AE7F1309EB57}.Release|Any CPU.Build.0 = Release|Any CPU
		{F8759C17-5CC8-4E3F-8E4C-1ADE96E6F67A}.AI|Any CPU.ActiveCfg = Release|Any CPU
		{F8759C17-5CC8-4E3F-8E4C-1ADE96E6F67A}.AI|Any CPU.Build.0 = Release|Any CPU
		{F8759C17-5CC8-4E3F-8E4C-1ADE96E6F67A}.Debug|Any CPU.ActiveCfg = Debug|Any CPU
		{F8759C17-5CC8-4E3F-8E4C-1ADE96E6F67A}.Debug|Any CPU.Build.0 = Debug|Any CPU
		{F8759C17-5CC8-4E3F-8E4C-1ADE96E6F67A}.EC|Any CPU.ActiveCfg = Release|Any CPU
		{F8759C17-5CC8-4E3F-8E4C-1ADE96E6F67A}.EC|Any CPU.Build.0 = Release|Any CPU
		{F8759C17-5CC8-4E3F-8E4C-1ADE96E6F67A}.HS|Any CPU.ActiveCfg = Release|Any CPU
		{F8759C17-5CC8-4E3F-8E4C-1ADE96E6F67A}.HS|Any CPU.Build.0 = Release|Any CPU
		{F8759C17-5CC8-4E3F-8E4C-1ADE96E6F67A}.HS2|Any CPU.ActiveCfg = Release|Any CPU
		{F8759C17-5CC8-4E3F-8E4C-1ADE96E6F67A}.HS2|Any CPU.Build.0 = Release|Any CPU
		{F8759C17-5CC8-4E3F-8E4C-1ADE96E6F67A}.IPA|Any CPU.ActiveCfg = Release|Any CPU
		{F8759C17-5CC8-4E3F-8E4C-1ADE96E6F67A}.IPA|Any CPU.Build.0 = Release|Any CPU
		{F8759C17-5CC8-4E3F-8E4C-1ADE96E6F67A}.KOI|Any CPU.ActiveCfg = Release|Any CPU
		{F8759C17-5CC8-4E3F-8E4C-1ADE96E6F67A}.KOI|Any CPU.Build.0 = Release|Any CPU
		{F8759C17-5CC8-4E3F-8E4C-1ADE96E6F67A}.PH|Any CPU.ActiveCfg = Release|Any CPU
		{F8759C17-5CC8-4E3F-8E4C-1ADE96E6F67A}.PH|Any CPU.Build.0 = Release|Any CPU
		{F8759C17-5CC8-4E3F-8E4C-1ADE96E6F67A}.Release|Any CPU.ActiveCfg = Release|Any CPU
		{F8759C17-5CC8-4E3F-8E4C-1ADE96E6F67A}.Release|Any CPU.Build.0 = Release|Any CPU
		{750BD138-B7A0-4066-8940-22AE155FF096}.AI|Any CPU.ActiveCfg = Release|Any CPU
		{750BD138-B7A0-4066-8940-22AE155FF096}.AI|Any CPU.Build.0 = Release|Any CPU
		{750BD138-B7A0-4066-8940-22AE155FF096}.Debug|Any CPU.ActiveCfg = Debug|Any CPU
		{750BD138-B7A0-4066-8940-22AE155FF096}.Debug|Any CPU.Build.0 = Debug|Any CPU
		{750BD138-B7A0-4066-8940-22AE155FF096}.EC|Any CPU.ActiveCfg = Release|Any CPU
		{750BD138-B7A0-4066-8940-22AE155FF096}.EC|Any CPU.Build.0 = Release|Any CPU
		{750BD138-B7A0-4066-8940-22AE155FF096}.HS|Any CPU.ActiveCfg = Release|Any CPU
		{750BD138-B7A0-4066-8940-22AE155FF096}.HS|Any CPU.Build.0 = Release|Any CPU
		{750BD138-B7A0-4066-8940-22AE155FF096}.HS2|Any CPU.ActiveCfg = Release|Any CPU
		{750BD138-B7A0-4066-8940-22AE155FF096}.HS2|Any CPU.Build.0 = Release|Any CPU
		{750BD138-B7A0-4066-8940-22AE155FF096}.IPA|Any CPU.ActiveCfg = Release|Any CPU
		{750BD138-B7A0-4066-8940-22AE155FF096}.IPA|Any CPU.Build.0 = Release|Any CPU
		{750BD138-B7A0-4066-8940-22AE155FF096}.KOI|Any CPU.ActiveCfg = Release|Any CPU
		{750BD138-B7A0-4066-8940-22AE155FF096}.KOI|Any CPU.Build.0 = Release|Any CPU
		{750BD138-B7A0-4066-8940-22AE155FF096}.PH|Any CPU.ActiveCfg = Release|Any CPU
		{750BD138-B7A0-4066-8940-22AE155FF096}.PH|Any CPU.Build.0 = Release|Any CPU
		{750BD138-B7A0-4066-8940-22AE155FF096}.Release|Any CPU.ActiveCfg = Release|Any CPU
		{750BD138-B7A0-4066-8940-22AE155FF096}.Release|Any CPU.Build.0 = Release|Any CPU
		{562A61A7-DDBD-4979-95B0-A2E7183E62D7}.AI|Any CPU.ActiveCfg = Release|Any CPU
		{562A61A7-DDBD-4979-95B0-A2E7183E62D7}.AI|Any CPU.Build.0 = Release|Any CPU
		{562A61A7-DDBD-4979-95B0-A2E7183E62D7}.Debug|Any CPU.ActiveCfg = Debug|Any CPU
		{562A61A7-DDBD-4979-95B0-A2E7183E62D7}.Debug|Any CPU.Build.0 = Debug|Any CPU
		{562A61A7-DDBD-4979-95B0-A2E7183E62D7}.EC|Any CPU.ActiveCfg = Release|Any CPU
		{562A61A7-DDBD-4979-95B0-A2E7183E62D7}.EC|Any CPU.Build.0 = Release|Any CPU
		{562A61A7-DDBD-4979-95B0-A2E7183E62D7}.HS|Any CPU.ActiveCfg = Release|Any CPU
		{562A61A7-DDBD-4979-95B0-A2E7183E62D7}.HS|Any CPU.Build.0 = Release|Any CPU
		{562A61A7-DDBD-4979-95B0-A2E7183E62D7}.HS2|Any CPU.ActiveCfg = Release|Any CPU
		{562A61A7-DDBD-4979-95B0-A2E7183E62D7}.HS2|Any CPU.Build.0 = Release|Any CPU
		{562A61A7-DDBD-4979-95B0-A2E7183E62D7}.IPA|Any CPU.ActiveCfg = Release|Any CPU
		{562A61A7-DDBD-4979-95B0-A2E7183E62D7}.IPA|Any CPU.Build.0 = Release|Any CPU
		{562A61A7-DDBD-4979-95B0-A2E7183E62D7}.KOI|Any CPU.ActiveCfg = Release|Any CPU
		{562A61A7-DDBD-4979-95B0-A2E7183E62D7}.KOI|Any CPU.Build.0 = Release|Any CPU
		{562A61A7-DDBD-4979-95B0-A2E7183E62D7}.PH|Any CPU.ActiveCfg = Release|Any CPU
		{562A61A7-DDBD-4979-95B0-A2E7183E62D7}.PH|Any CPU.Build.0 = Release|Any CPU
		{562A61A7-DDBD-4979-95B0-A2E7183E62D7}.Release|Any CPU.ActiveCfg = Release|Any CPU
		{562A61A7-DDBD-4979-95B0-A2E7183E62D7}.Release|Any CPU.Build.0 = Release|Any CPU
		{BBD5DC7B-952D-420C-AD02-9F242DF992AB}.AI|Any CPU.ActiveCfg = Release|Any CPU
		{BBD5DC7B-952D-420C-AD02-9F242DF992AB}.Debug|Any CPU.ActiveCfg = Debug|Any CPU
		{BBD5DC7B-952D-420C-AD02-9F242DF992AB}.Debug|Any CPU.Build.0 = Debug|Any CPU
		{BBD5DC7B-952D-420C-AD02-9F242DF992AB}.EC|Any CPU.ActiveCfg = Release|Any CPU
		{BBD5DC7B-952D-420C-AD02-9F242DF992AB}.HS|Any CPU.ActiveCfg = Release|Any CPU
		{BBD5DC7B-952D-420C-AD02-9F242DF992AB}.HS2|Any CPU.ActiveCfg = Release|Any CPU
		{BBD5DC7B-952D-420C-AD02-9F242DF992AB}.IPA|Any CPU.ActiveCfg = Release|Any CPU
		{BBD5DC7B-952D-420C-AD02-9F242DF992AB}.KOI|Any CPU.ActiveCfg = Release|Any CPU
		{BBD5DC7B-952D-420C-AD02-9F242DF992AB}.PH|Any CPU.ActiveCfg = Release|Any CPU
		{BBD5DC7B-952D-420C-AD02-9F242DF992AB}.Release|Any CPU.ActiveCfg = Release|Any CPU
		{BBD5DC7B-952D-420C-AD02-9F242DF992AB}.Release|Any CPU.Build.0 = Release|Any CPU
		{F417C8BD-3D1D-453E-8D00-2AC6BFB2E1C2}.AI|Any CPU.ActiveCfg = Release|Any CPU
		{F417C8BD-3D1D-453E-8D00-2AC6BFB2E1C2}.AI|Any CPU.Build.0 = Release|Any CPU
		{F417C8BD-3D1D-453E-8D00-2AC6BFB2E1C2}.Debug|Any CPU.ActiveCfg = Debug|Any CPU
		{F417C8BD-3D1D-453E-8D00-2AC6BFB2E1C2}.Debug|Any CPU.Build.0 = Debug|Any CPU
		{F417C8BD-3D1D-453E-8D00-2AC6BFB2E1C2}.EC|Any CPU.ActiveCfg = Release|Any CPU
		{F417C8BD-3D1D-453E-8D00-2AC6BFB2E1C2}.EC|Any CPU.Build.0 = Release|Any CPU
		{F417C8BD-3D1D-453E-8D00-2AC6BFB2E1C2}.HS|Any CPU.ActiveCfg = Release|Any CPU
		{F417C8BD-3D1D-453E-8D00-2AC6BFB2E1C2}.HS|Any CPU.Build.0 = Release|Any CPU
		{F417C8BD-3D1D-453E-8D00-2AC6BFB2E1C2}.HS2|Any CPU.ActiveCfg = Release|Any CPU
		{F417C8BD-3D1D-453E-8D00-2AC6BFB2E1C2}.HS2|Any CPU.Build.0 = Release|Any CPU
		{F417C8BD-3D1D-453E-8D00-2AC6BFB2E1C2}.IPA|Any CPU.ActiveCfg = Release|Any CPU
		{F417C8BD-3D1D-453E-8D00-2AC6BFB2E1C2}.IPA|Any CPU.Build.0 = Release|Any CPU
		{F417C8BD-3D1D-453E-8D00-2AC6BFB2E1C2}.KOI|Any CPU.ActiveCfg = Release|Any CPU
		{F417C8BD-3D1D-453E-8D00-2AC6BFB2E1C2}.KOI|Any CPU.Build.0 = Release|Any CPU
		{F417C8BD-3D1D-453E-8D00-2AC6BFB2E1C2}.PH|Any CPU.ActiveCfg = Release|Any CPU
		{F417C8BD-3D1D-453E-8D00-2AC6BFB2E1C2}.PH|Any CPU.Build.0 = Release|Any CPU
		{F417C8BD-3D1D-453E-8D00-2AC6BFB2E1C2}.Release|Any CPU.ActiveCfg = Release|Any CPU
		{F417C8BD-3D1D-453E-8D00-2AC6BFB2E1C2}.Release|Any CPU.Build.0 = Release|Any CPU
		{FC656EB2-66A0-493D-A6AA-D1CFE7895586}.AI|Any CPU.ActiveCfg = Release|Any CPU
		{FC656EB2-66A0-493D-A6AA-D1CFE7895586}.AI|Any CPU.Build.0 = Release|Any CPU
		{FC656EB2-66A0-493D-A6AA-D1CFE7895586}.Debug|Any CPU.ActiveCfg = Debug|Any CPU
		{FC656EB2-66A0-493D-A6AA-D1CFE7895586}.Debug|Any CPU.Build.0 = Debug|Any CPU
		{FC656EB2-66A0-493D-A6AA-D1CFE7895586}.EC|Any CPU.ActiveCfg = Release|Any CPU
		{FC656EB2-66A0-493D-A6AA-D1CFE7895586}.EC|Any CPU.Build.0 = Release|Any CPU
		{FC656EB2-66A0-493D-A6AA-D1CFE7895586}.HS|Any CPU.ActiveCfg = Release|Any CPU
		{FC656EB2-66A0-493D-A6AA-D1CFE7895586}.HS|Any CPU.Build.0 = Release|Any CPU
		{FC656EB2-66A0-493D-A6AA-D1CFE7895586}.HS2|Any CPU.ActiveCfg = Release|Any CPU
		{FC656EB2-66A0-493D-A6AA-D1CFE7895586}.HS2|Any CPU.Build.0 = Release|Any CPU
		{FC656EB2-66A0-493D-A6AA-D1CFE7895586}.IPA|Any CPU.ActiveCfg = Release|Any CPU
		{FC656EB2-66A0-493D-A6AA-D1CFE7895586}.IPA|Any CPU.Build.0 = Release|Any CPU
		{FC656EB2-66A0-493D-A6AA-D1CFE7895586}.KOI|Any CPU.ActiveCfg = Release|Any CPU
		{FC656EB2-66A0-493D-A6AA-D1CFE7895586}.KOI|Any CPU.Build.0 = Release|Any CPU
		{FC656EB2-66A0-493D-A6AA-D1CFE7895586}.PH|Any CPU.ActiveCfg = Release|Any CPU
		{FC656EB2-66A0-493D-A6AA-D1CFE7895586}.PH|Any CPU.Build.0 = Release|Any CPU
		{FC656EB2-66A0-493D-A6AA-D1CFE7895586}.Release|Any CPU.ActiveCfg = Release|Any CPU
		{FC656EB2-66A0-493D-A6AA-D1CFE7895586}.Release|Any CPU.Build.0 = Release|Any CPU
		{2527EED5-4E3C-4169-B0F5-F35584CFD570}.AI|Any CPU.ActiveCfg = Release|Any CPU
		{2527EED5-4E3C-4169-B0F5-F35584CFD570}.AI|Any CPU.Build.0 = Release|Any CPU
		{2527EED5-4E3C-4169-B0F5-F35584CFD570}.Debug|Any CPU.ActiveCfg = Debug|Any CPU
		{2527EED5-4E3C-4169-B0F5-F35584CFD570}.Debug|Any CPU.Build.0 = Debug|Any CPU
		{2527EED5-4E3C-4169-B0F5-F35584CFD570}.EC|Any CPU.ActiveCfg = Release|Any CPU
		{2527EED5-4E3C-4169-B0F5-F35584CFD570}.EC|Any CPU.Build.0 = Release|Any CPU
		{2527EED5-4E3C-4169-B0F5-F35584CFD570}.HS|Any CPU.ActiveCfg = Release|Any CPU
		{2527EED5-4E3C-4169-B0F5-F35584CFD570}.HS|Any CPU.Build.0 = Release|Any CPU
		{2527EED5-4E3C-4169-B0F5-F35584CFD570}.HS2|Any CPU.ActiveCfg = Release|Any CPU
		{2527EED5-4E3C-4169-B0F5-F35584CFD570}.HS2|Any CPU.Build.0 = Release|Any CPU
		{2527EED5-4E3C-4169-B0F5-F35584CFD570}.IPA|Any CPU.ActiveCfg = Release|Any CPU
		{2527EED5-4E3C-4169-B0F5-F35584CFD570}.IPA|Any CPU.Build.0 = Release|Any CPU
		{2527EED5-4E3C-4169-B0F5-F35584CFD570}.KOI|Any CPU.ActiveCfg = Release|Any CPU
		{2527EED5-4E3C-4169-B0F5-F35584CFD570}.KOI|Any CPU.Build.0 = Release|Any CPU
		{2527EED5-4E3C-4169-B0F5-F35584CFD570}.PH|Any CPU.ActiveCfg = Release|Any CPU
		{2527EED5-4E3C-4169-B0F5-F35584CFD570}.PH|Any CPU.Build.0 = Release|Any CPU
		{2527EED5-4E3C-4169-B0F5-F35584CFD570}.Release|Any CPU.ActiveCfg = Release|Any CPU
		{2527EED5-4E3C-4169-B0F5-F35584CFD570}.Release|Any CPU.Build.0 = Release|Any CPU
		{33FF01AB-76E7-46A1-B8B0-F912BF0ECFC3}.AI|Any CPU.ActiveCfg = Release|Any CPU
		{33FF01AB-76E7-46A1-B8B0-F912BF0ECFC3}.Debug|Any CPU.ActiveCfg = Debug|Any CPU
		{33FF01AB-76E7-46A1-B8B0-F912BF0ECFC3}.Debug|Any CPU.Build.0 = Debug|Any CPU
		{33FF01AB-76E7-46A1-B8B0-F912BF0ECFC3}.EC|Any CPU.ActiveCfg = Release|Any CPU
		{33FF01AB-76E7-46A1-B8B0-F912BF0ECFC3}.HS|Any CPU.ActiveCfg = Release|Any CPU
		{33FF01AB-76E7-46A1-B8B0-F912BF0ECFC3}.HS2|Any CPU.ActiveCfg = Release|Any CPU
		{33FF01AB-76E7-46A1-B8B0-F912BF0ECFC3}.IPA|Any CPU.ActiveCfg = Release|Any CPU
		{33FF01AB-76E7-46A1-B8B0-F912BF0ECFC3}.KOI|Any CPU.ActiveCfg = Release|Any CPU
		{33FF01AB-76E7-46A1-B8B0-F912BF0ECFC3}.PH|Any CPU.ActiveCfg = Release|Any CPU
		{33FF01AB-76E7-46A1-B8B0-F912BF0ECFC3}.Release|Any CPU.ActiveCfg = Release|Any CPU
		{33FF01AB-76E7-46A1-B8B0-F912BF0ECFC3}.Release|Any CPU.Build.0 = Release|Any CPU
		{91DD417E-3CEE-48AA-A444-8CB47238FB48}.AI|Any CPU.ActiveCfg = Release|Any CPU
		{91DD417E-3CEE-48AA-A444-8CB47238FB48}.Debug|Any CPU.ActiveCfg = Debug|Any CPU
		{91DD417E-3CEE-48AA-A444-8CB47238FB48}.Debug|Any CPU.Build.0 = Debug|Any CPU
		{91DD417E-3CEE-48AA-A444-8CB47238FB48}.EC|Any CPU.ActiveCfg = Release|Any CPU
		{91DD417E-3CEE-48AA-A444-8CB47238FB48}.HS|Any CPU.ActiveCfg = Release|Any CPU
		{91DD417E-3CEE-48AA-A444-8CB47238FB48}.HS2|Any CPU.ActiveCfg = Release|Any CPU
		{91DD417E-3CEE-48AA-A444-8CB47238FB48}.IPA|Any CPU.ActiveCfg = Release|Any CPU
		{91DD417E-3CEE-48AA-A444-8CB47238FB48}.KOI|Any CPU.ActiveCfg = Release|Any CPU
		{91DD417E-3CEE-48AA-A444-8CB47238FB48}.PH|Any CPU.ActiveCfg = Release|Any CPU
		{91DD417E-3CEE-48AA-A444-8CB47238FB48}.Release|Any CPU.ActiveCfg = Release|Any CPU
		{91DD417E-3CEE-48AA-A444-8CB47238FB48}.Release|Any CPU.Build.0 = Release|Any CPU
		{EBDCFF02-8A3D-452C-957D-6785C6519FBE}.AI|Any CPU.ActiveCfg = Release|Any CPU
		{EBDCFF02-8A3D-452C-957D-6785C6519FBE}.AI|Any CPU.Build.0 = Release|Any CPU
		{EBDCFF02-8A3D-452C-957D-6785C6519FBE}.Debug|Any CPU.ActiveCfg = Debug|Any CPU
		{EBDCFF02-8A3D-452C-957D-6785C6519FBE}.Debug|Any CPU.Build.0 = Debug|Any CPU
		{EBDCFF02-8A3D-452C-957D-6785C6519FBE}.EC|Any CPU.ActiveCfg = Release|Any CPU
		{EBDCFF02-8A3D-452C-957D-6785C6519FBE}.EC|Any CPU.Build.0 = Release|Any CPU
		{EBDCFF02-8A3D-452C-957D-6785C6519FBE}.HS|Any CPU.ActiveCfg = Release|Any CPU
		{EBDCFF02-8A3D-452C-957D-6785C6519FBE}.HS|Any CPU.Build.0 = Release|Any CPU
		{EBDCFF02-8A3D-452C-957D-6785C6519FBE}.HS2|Any CPU.ActiveCfg = Release|Any CPU
		{EBDCFF02-8A3D-452C-957D-6785C6519FBE}.HS2|Any CPU.Build.0 = Release|Any CPU
		{EBDCFF02-8A3D-452C-957D-6785C6519FBE}.IPA|Any CPU.ActiveCfg = Release|Any CPU
		{EBDCFF02-8A3D-452C-957D-6785C6519FBE}.IPA|Any CPU.Build.0 = Release|Any CPU
		{EBDCFF02-8A3D-452C-957D-6785C6519FBE}.KOI|Any CPU.ActiveCfg = Release|Any CPU
		{EBDCFF02-8A3D-452C-957D-6785C6519FBE}.KOI|Any CPU.Build.0 = Release|Any CPU
		{EBDCFF02-8A3D-452C-957D-6785C6519FBE}.PH|Any CPU.ActiveCfg = Release|Any CPU
		{EBDCFF02-8A3D-452C-957D-6785C6519FBE}.PH|Any CPU.Build.0 = Release|Any CPU
		{EBDCFF02-8A3D-452C-957D-6785C6519FBE}.Release|Any CPU.ActiveCfg = Release|Any CPU
		{EBDCFF02-8A3D-452C-957D-6785C6519FBE}.Release|Any CPU.Build.0 = Release|Any CPU
		{3AD6230E-BF2B-4830-8F66-66F531BB5121}.AI|Any CPU.ActiveCfg = Release|Any CPU
		{3AD6230E-BF2B-4830-8F66-66F531BB5121}.AI|Any CPU.Build.0 = Release|Any CPU
		{3AD6230E-BF2B-4830-8F66-66F531BB5121}.Debug|Any CPU.ActiveCfg = Debug|Any CPU
		{3AD6230E-BF2B-4830-8F66-66F531BB5121}.Debug|Any CPU.Build.0 = Debug|Any CPU
		{3AD6230E-BF2B-4830-8F66-66F531BB5121}.EC|Any CPU.ActiveCfg = Release|Any CPU
		{3AD6230E-BF2B-4830-8F66-66F531BB5121}.EC|Any CPU.Build.0 = Release|Any CPU
		{3AD6230E-BF2B-4830-8F66-66F531BB5121}.HS|Any CPU.ActiveCfg = Release|Any CPU
		{3AD6230E-BF2B-4830-8F66-66F531BB5121}.HS|Any CPU.Build.0 = Release|Any CPU
		{3AD6230E-BF2B-4830-8F66-66F531BB5121}.HS2|Any CPU.ActiveCfg = Release|Any CPU
		{3AD6230E-BF2B-4830-8F66-66F531BB5121}.HS2|Any CPU.Build.0 = Release|Any CPU
		{3AD6230E-BF2B-4830-8F66-66F531BB5121}.IPA|Any CPU.ActiveCfg = Release|Any CPU
		{3AD6230E-BF2B-4830-8F66-66F531BB5121}.IPA|Any CPU.Build.0 = Release|Any CPU
		{3AD6230E-BF2B-4830-8F66-66F531BB5121}.KOI|Any CPU.ActiveCfg = Release|Any CPU
		{3AD6230E-BF2B-4830-8F66-66F531BB5121}.KOI|Any CPU.Build.0 = Release|Any CPU
		{3AD6230E-BF2B-4830-8F66-66F531BB5121}.PH|Any CPU.ActiveCfg = Release|Any CPU
		{3AD6230E-BF2B-4830-8F66-66F531BB5121}.PH|Any CPU.Build.0 = Release|Any CPU
		{3AD6230E-BF2B-4830-8F66-66F531BB5121}.Release|Any CPU.ActiveCfg = Release|Any CPU
		{3AD6230E-BF2B-4830-8F66-66F531BB5121}.Release|Any CPU.Build.0 = Release|Any CPU
		{A79740AF-7119-4012-9A8F-82C1C27CE649}.AI|Any CPU.ActiveCfg = Release|Any CPU
		{A79740AF-7119-4012-9A8F-82C1C27CE649}.Debug|Any CPU.ActiveCfg = Debug|Any CPU
		{A79740AF-7119-4012-9A8F-82C1C27CE649}.Debug|Any CPU.Build.0 = Debug|Any CPU
		{A79740AF-7119-4012-9A8F-82C1C27CE649}.EC|Any CPU.ActiveCfg = Release|Any CPU
		{A79740AF-7119-4012-9A8F-82C1C27CE649}.HS|Any CPU.ActiveCfg = Release|Any CPU
		{A79740AF-7119-4012-9A8F-82C1C27CE649}.HS2|Any CPU.ActiveCfg = Release|Any CPU
		{A79740AF-7119-4012-9A8F-82C1C27CE649}.IPA|Any CPU.ActiveCfg = Release|Any CPU
		{A79740AF-7119-4012-9A8F-82C1C27CE649}.KOI|Any CPU.ActiveCfg = Release|Any CPU
		{A79740AF-7119-4012-9A8F-82C1C27CE649}.PH|Any CPU.ActiveCfg = Release|Any CPU
		{A79740AF-7119-4012-9A8F-82C1C27CE649}.Release|Any CPU.ActiveCfg = Release|Any CPU
		{A79740AF-7119-4012-9A8F-82C1C27CE649}.Release|Any CPU.Build.0 = Release|Any CPU
		{B3D2CEC2-E7D1-4C2C-87FC-5454EA1C4DEE}.AI|Any CPU.ActiveCfg = Release|Any CPU
		{B3D2CEC2-E7D1-4C2C-87FC-5454EA1C4DEE}.AI|Any CPU.Build.0 = Release|Any CPU
		{B3D2CEC2-E7D1-4C2C-87FC-5454EA1C4DEE}.Debug|Any CPU.ActiveCfg = Debug|Any CPU
		{B3D2CEC2-E7D1-4C2C-87FC-5454EA1C4DEE}.Debug|Any CPU.Build.0 = Debug|Any CPU
		{B3D2CEC2-E7D1-4C2C-87FC-5454EA1C4DEE}.EC|Any CPU.ActiveCfg = Release|Any CPU
		{B3D2CEC2-E7D1-4C2C-87FC-5454EA1C4DEE}.EC|Any CPU.Build.0 = Release|Any CPU
		{B3D2CEC2-E7D1-4C2C-87FC-5454EA1C4DEE}.HS|Any CPU.ActiveCfg = Release|Any CPU
		{B3D2CEC2-E7D1-4C2C-87FC-5454EA1C4DEE}.HS|Any CPU.Build.0 = Release|Any CPU
		{B3D2CEC2-E7D1-4C2C-87FC-5454EA1C4DEE}.HS2|Any CPU.ActiveCfg = Release|Any CPU
		{B3D2CEC2-E7D1-4C2C-87FC-5454EA1C4DEE}.HS2|Any CPU.Build.0 = Release|Any CPU
		{B3D2CEC2-E7D1-4C2C-87FC-5454EA1C4DEE}.IPA|Any CPU.ActiveCfg = Release|Any CPU
		{B3D2CEC2-E7D1-4C2C-87FC-5454EA1C4DEE}.IPA|Any CPU.Build.0 = Release|Any CPU
		{B3D2CEC2-E7D1-4C2C-87FC-5454EA1C4DEE}.KOI|Any CPU.ActiveCfg = Release|Any CPU
		{B3D2CEC2-E7D1-4C2C-87FC-5454EA1C4DEE}.KOI|Any CPU.Build.0 = Release|Any CPU
		{B3D2CEC2-E7D1-4C2C-87FC-5454EA1C4DEE}.PH|Any CPU.ActiveCfg = Release|Any CPU
		{B3D2CEC2-E7D1-4C2C-87FC-5454EA1C4DEE}.PH|Any CPU.Build.0 = Release|Any CPU
		{B3D2CEC2-E7D1-4C2C-87FC-5454EA1C4DEE}.Release|Any CPU.ActiveCfg = Release|Any CPU
		{B3D2CEC2-E7D1-4C2C-87FC-5454EA1C4DEE}.Release|Any CPU.Build.0 = Release|Any CPU
		{89D5B081-02C8-4AF9-AB4B-803A78FB7669}.AI|Any CPU.ActiveCfg = Release|Any CPU
		{89D5B081-02C8-4AF9-AB4B-803A78FB7669}.AI|Any CPU.Build.0 = Release|Any CPU
		{89D5B081-02C8-4AF9-AB4B-803A78FB7669}.Debug|Any CPU.ActiveCfg = Debug|Any CPU
		{89D5B081-02C8-4AF9-AB4B-803A78FB7669}.Debug|Any CPU.Build.0 = Debug|Any CPU
		{89D5B081-02C8-4AF9-AB4B-803A78FB7669}.EC|Any CPU.ActiveCfg = Release|Any CPU
		{89D5B081-02C8-4AF9-AB4B-803A78FB7669}.EC|Any CPU.Build.0 = Release|Any CPU
		{89D5B081-02C8-4AF9-AB4B-803A78FB7669}.HS|Any CPU.ActiveCfg = Release|Any CPU
		{89D5B081-02C8-4AF9-AB4B-803A78FB7669}.HS|Any CPU.Build.0 = Release|Any CPU
		{89D5B081-02C8-4AF9-AB4B-803A78FB7669}.HS2|Any CPU.ActiveCfg = Release|Any CPU
		{89D5B081-02C8-4AF9-AB4B-803A78FB7669}.HS2|Any CPU.Build.0 = Release|Any CPU
		{89D5B081-02C8-4AF9-AB4B-803A78FB7669}.IPA|Any CPU.ActiveCfg = Release|Any CPU
		{89D5B081-02C8-4AF9-AB4B-803A78FB7669}.IPA|Any CPU.Build.0 = Release|Any CPU
		{89D5B081-02C8-4AF9-AB4B-803A78FB7669}.KOI|Any CPU.ActiveCfg = Release|Any CPU
		{89D5B081-02C8-4AF9-AB4B-803A78FB7669}.KOI|Any CPU.Build.0 = Release|Any CPU
		{89D5B081-02C8-4AF9-AB4B-803A78FB7669}.PH|Any CPU.ActiveCfg = Release|Any CPU
		{89D5B081-02C8-4AF9-AB4B-803A78FB7669}.PH|Any CPU.Build.0 = Release|Any CPU
		{89D5B081-02C8-4AF9-AB4B-803A78FB7669}.Release|Any CPU.ActiveCfg = Release|Any CPU
		{89D5B081-02C8-4AF9-AB4B-803A78FB7669}.Release|Any CPU.Build.0 = Release|Any CPU
		{4AD74EFF-37B9-4BEA-A2EB-CDE366B29F00}.AI|Any CPU.ActiveCfg = IPA|Any CPU
		{4AD74EFF-37B9-4BEA-A2EB-CDE366B29F00}.AI|Any CPU.Build.0 = IPA|Any CPU
		{4AD74EFF-37B9-4BEA-A2EB-CDE366B29F00}.Debug|Any CPU.ActiveCfg = Debug|Any CPU
		{4AD74EFF-37B9-4BEA-A2EB-CDE366B29F00}.Debug|Any CPU.Build.0 = Debug|Any CPU
		{4AD74EFF-37B9-4BEA-A2EB-CDE366B29F00}.EC|Any CPU.ActiveCfg = IPA|Any CPU
		{4AD74EFF-37B9-4BEA-A2EB-CDE366B29F00}.EC|Any CPU.Build.0 = IPA|Any CPU
		{4AD74EFF-37B9-4BEA-A2EB-CDE366B29F00}.HS|Any CPU.ActiveCfg = IPA|Any CPU
		{4AD74EFF-37B9-4BEA-A2EB-CDE366B29F00}.HS|Any CPU.Build.0 = IPA|Any CPU
		{4AD74EFF-37B9-4BEA-A2EB-CDE366B29F00}.HS2|Any CPU.ActiveCfg = IPA|Any CPU
		{4AD74EFF-37B9-4BEA-A2EB-CDE366B29F00}.HS2|Any CPU.Build.0 = IPA|Any CPU
		{4AD74EFF-37B9-4BEA-A2EB-CDE366B29F00}.IPA|Any CPU.ActiveCfg = Release|Any CPU
		{4AD74EFF-37B9-4BEA-A2EB-CDE366B29F00}.IPA|Any CPU.Build.0 = Release|Any CPU
		{4AD74EFF-37B9-4BEA-A2EB-CDE366B29F00}.KOI|Any CPU.ActiveCfg = IPA|Any CPU
		{4AD74EFF-37B9-4BEA-A2EB-CDE366B29F00}.KOI|Any CPU.Build.0 = IPA|Any CPU
		{4AD74EFF-37B9-4BEA-A2EB-CDE366B29F00}.PH|Any CPU.ActiveCfg = IPA|Any CPU
		{4AD74EFF-37B9-4BEA-A2EB-CDE366B29F00}.PH|Any CPU.Build.0 = IPA|Any CPU
		{4AD74EFF-37B9-4BEA-A2EB-CDE366B29F00}.Release|Any CPU.ActiveCfg = Release|Any CPU
		{4AD74EFF-37B9-4BEA-A2EB-CDE366B29F00}.Release|Any CPU.Build.0 = Release|Any CPU
		{D7E512B2-4E7A-4455-BD7D-97DACF5A039A}.AI|Any CPU.ActiveCfg = AI|Any CPU
		{D7E512B2-4E7A-4455-BD7D-97DACF5A039A}.AI|Any CPU.Build.0 = AI|Any CPU
		{D7E512B2-4E7A-4455-BD7D-97DACF5A039A}.Debug|Any CPU.ActiveCfg = HS2|Any CPU
		{D7E512B2-4E7A-4455-BD7D-97DACF5A039A}.Debug|Any CPU.Build.0 = HS2|Any CPU
		{D7E512B2-4E7A-4455-BD7D-97DACF5A039A}.EC|Any CPU.ActiveCfg = EC|Any CPU
		{D7E512B2-4E7A-4455-BD7D-97DACF5A039A}.EC|Any CPU.Build.0 = EC|Any CPU
		{D7E512B2-4E7A-4455-BD7D-97DACF5A039A}.HS|Any CPU.ActiveCfg = HS|Any CPU
		{D7E512B2-4E7A-4455-BD7D-97DACF5A039A}.HS|Any CPU.Build.0 = HS|Any CPU
		{D7E512B2-4E7A-4455-BD7D-97DACF5A039A}.HS2|Any CPU.ActiveCfg = HS2|Any CPU
		{D7E512B2-4E7A-4455-BD7D-97DACF5A039A}.HS2|Any CPU.Build.0 = HS2|Any CPU
		{D7E512B2-4E7A-4455-BD7D-97DACF5A039A}.IPA|Any CPU.ActiveCfg = HS2|Any CPU
		{D7E512B2-4E7A-4455-BD7D-97DACF5A039A}.IPA|Any CPU.Build.0 = HS2|Any CPU
		{D7E512B2-4E7A-4455-BD7D-97DACF5A039A}.KOI|Any CPU.ActiveCfg = KOI|Any CPU
		{D7E512B2-4E7A-4455-BD7D-97DACF5A039A}.KOI|Any CPU.Build.0 = KOI|Any CPU
		{D7E512B2-4E7A-4455-BD7D-97DACF5A039A}.PH|Any CPU.ActiveCfg = PH|Any CPU
		{D7E512B2-4E7A-4455-BD7D-97DACF5A039A}.PH|Any CPU.Build.0 = PH|Any CPU
		{D7E512B2-4E7A-4455-BD7D-97DACF5A039A}.Release|Any CPU.ActiveCfg = PH|Any CPU
		{D7E512B2-4E7A-4455-BD7D-97DACF5A039A}.Release|Any CPU.Build.0 = PH|Any CPU
		{5FF39402-D216-42DE-9AAA-BA34103F1786}.AI|Any CPU.ActiveCfg = AI|Any CPU
		{5FF39402-D216-42DE-9AAA-BA34103F1786}.AI|Any CPU.Build.0 = AI|Any CPU
		{5FF39402-D216-42DE-9AAA-BA34103F1786}.Debug|Any CPU.ActiveCfg = HS2|Any CPU
		{5FF39402-D216-42DE-9AAA-BA34103F1786}.Debug|Any CPU.Build.0 = HS2|Any CPU
		{5FF39402-D216-42DE-9AAA-BA34103F1786}.EC|Any CPU.ActiveCfg = HS2|Any CPU
		{5FF39402-D216-42DE-9AAA-BA34103F1786}.EC|Any CPU.Build.0 = HS2|Any CPU
		{5FF39402-D216-42DE-9AAA-BA34103F1786}.HS|Any CPU.ActiveCfg = HS|Any CPU
		{5FF39402-D216-42DE-9AAA-BA34103F1786}.HS|Any CPU.Build.0 = HS|Any CPU
		{5FF39402-D216-42DE-9AAA-BA34103F1786}.HS2|Any CPU.ActiveCfg = HS2|Any CPU
		{5FF39402-D216-42DE-9AAA-BA34103F1786}.HS2|Any CPU.Build.0 = HS2|Any CPU
		{5FF39402-D216-42DE-9AAA-BA34103F1786}.IPA|Any CPU.ActiveCfg = HS2|Any CPU
		{5FF39402-D216-42DE-9AAA-BA34103F1786}.IPA|Any CPU.Build.0 = HS2|Any CPU
		{5FF39402-D216-42DE-9AAA-BA34103F1786}.KOI|Any CPU.ActiveCfg = KOI|Any CPU
		{5FF39402-D216-42DE-9AAA-BA34103F1786}.KOI|Any CPU.Build.0 = KOI|Any CPU
		{5FF39402-D216-42DE-9AAA-BA34103F1786}.PH|Any CPU.ActiveCfg = PH|Any CPU
		{5FF39402-D216-42DE-9AAA-BA34103F1786}.PH|Any CPU.Build.0 = PH|Any CPU
		{5FF39402-D216-42DE-9AAA-BA34103F1786}.Release|Any CPU.ActiveCfg = PH|Any CPU
		{5FF39402-D216-42DE-9AAA-BA34103F1786}.Release|Any CPU.Build.0 = PH|Any CPU
	EndGlobalSection
	GlobalSection(SolutionProperties) = preSolution
		HideSolutionNode = FALSE
	EndGlobalSection
	GlobalSection(ExtensibilityGlobals) = postSolution
		SolutionGuid = {1850718B-2B9F-42EA-BAC7-6E3C60290282}
	EndGlobalSection
EndGlobal
